
Microsoft Visual Studio Solution File, Format Version 12.00
# Visual Studio Version 17
VisualStudioVersion = 17.0.32112.339
MinimumVisualStudioVersion = 10.0.40219.1
Project("{FAE04EC0-301F-11D3-BF4B-00C04F79EFBC}") = "Journeys", "Journeys.csproj", "{DB57FBBE-7A25-43D9-9D44-F41C809D4EDB}"
EndProject
Global
	GlobalSection(SolutionConfigurationPlatforms) = preSolution
		Debug|Any CPU = Debug|Any CPU
		Release|Any CPU = Release|Any CPU
	EndGlobalSection
	GlobalSection(ProjectConfigurationPlatforms) = postSolution
		{DB57FBBE-7A25-43D9-9D44-F41C809D4EDB}.Debug|Any CPU.ActiveCfg = Debug|Any CPU
		{DB57FBBE-7A25-43D9-9D44-F41C809D4EDB}.Debug|Any CPU.Build.0 = Debug|Any CPU
		{DB57FBBE-7A25-43D9-9D44-F41C809D4EDB}.Release|Any CPU.ActiveCfg = Release|Any CPU
		{DB57FBBE-7A25-43D9-9D44-F41C809D4EDB}.Release|Any CPU.Build.0 = Release|Any CPU
	EndGlobalSection
	GlobalSection(SolutionProperties) = preSolution
		HideSolutionNode = FALSE
	EndGlobalSection
	GlobalSection(ExtensibilityGlobals) = postSolution
		SolutionGuid = {3230CC1F-5B0C-471E-808B-1C47E53C72E7}
	EndGlobalSection
EndGlobal
