
Microsoft Visual Studio Solution File, Format Version 12.00
# Visual Studio Version 16
VisualStudioVersion = 16.0.29806.167
MinimumVisualStudioVersion = 10.0.40219.1
Project("{FAE04EC0-301F-11D3-BF4B-00C04F79EFBC}") = "alpha", "alpha.csproj", "{20A7204E-ECDC-456D-AEBB-203C499E8D70}"
EndProject
Global
	GlobalSection(SolutionConfigurationPlatforms) = preSolution
		Debug|Any CPU = Debug|Any CPU
		Release|Any CPU = Release|Any CPU
	EndGlobalSection
	GlobalSection(ProjectConfigurationPlatforms) = postSolution
		{20A7204E-ECDC-456D-AEBB-203C499E8D70}.Debug|Any CPU.ActiveCfg = Debug|Any CPU
		{20A7204E-ECDC-456D-AEBB-203C499E8D70}.Debug|Any CPU.Build.0 = Debug|Any CPU
		{20A7204E-ECDC-456D-AEBB-203C499E8D70}.Release|Any CPU.ActiveCfg = Release|Any CPU
		{20A7204E-ECDC-456D-AEBB-203C499E8D70}.Release|Any CPU.Build.0 = Release|Any CPU
	EndGlobalSection
	GlobalSection(SolutionProperties) = preSolution
		HideSolutionNode = FALSE
	EndGlobalSection
	GlobalSection(ExtensibilityGlobals) = postSolution
		SolutionGuid = {0F6022F4-B400-4009-99AD-EF52146E7739}
	EndGlobalSection
EndGlobal
